
Microsoft Visual Studio Solution File, Format Version 12.00
# Visual Studio Version 16
VisualStudioVersion = 16.0.32106.194
MinimumVisualStudioVersion = 10.0.40219.1
Project("{FAE04EC0-301F-11D3-BF4B-00C04F79EFBC}") = "Poem Dispenser", "Poem Dispenser\Poem Dispenser.csproj", "{6C8CD3CE-D549-45FC-9B5D-55FFD21458D8}"
EndProject
Project("{FAE04EC0-301F-11D3-BF4B-00C04F79EFBC}") = "Add Poemz", "Add Poemz\Add Poemz.csproj", "{87027596-DFC8-496B-BFD7-153DF1ED2434}"
EndProject
Global
	GlobalSection(SolutionConfigurationPlatforms) = preSolution
		Debug|Any CPU = Debug|Any CPU
		Release|Any CPU = Release|Any CPU
	EndGlobalSection
	GlobalSection(ProjectConfigurationPlatforms) = postSolution
		{6C8CD3CE-D549-45FC-9B5D-55FFD21458D8}.Debug|Any CPU.ActiveCfg = Debug|Any CPU
		{6C8CD3CE-D549-45FC-9B5D-55FFD21458D8}.Debug|Any CPU.Build.0 = Debug|Any CPU
		{6C8CD3CE-D549-45FC-9B5D-55FFD21458D8}.Release|Any CPU.ActiveCfg = Release|Any CPU
		{6C8CD3CE-D549-45FC-9B5D-55FFD21458D8}.Release|Any CPU.Build.0 = Release|Any CPU
		{87027596-DFC8-496B-BFD7-153DF1ED2434}.Debug|Any CPU.ActiveCfg = Debug|Any CPU
		{87027596-DFC8-496B-BFD7-153DF1ED2434}.Debug|Any CPU.Build.0 = Debug|Any CPU
		{87027596-DFC8-496B-BFD7-153DF1ED2434}.Release|Any CPU.ActiveCfg = Release|Any CPU
		{87027596-DFC8-496B-BFD7-153DF1ED2434}.Release|Any CPU.Build.0 = Release|Any CPU
	EndGlobalSection
	GlobalSection(SolutionProperties) = preSolution
		HideSolutionNode = FALSE
	EndGlobalSection
	GlobalSection(ExtensibilityGlobals) = postSolution
		SolutionGuid = {2D2637B0-FEF0-481F-848F-01082B7AFEAD}
	EndGlobalSection
EndGlobal
